{
  "nodes": {
    "nixpkgs": {
      "locked": {
        "lastModified": 1709806786,
        "narHash": "sha256-/Hd26KSyb7IJ0nF04iouUe+RnO/vFU/6kIp8fU+L3mM=",
        "owner": "nixos",
        "repo": "nixpkgs",
        "rev": "fcba256ab3da69160d8a593c11cf6939aa821b0d",
        "type": "github"
      },
      "original": {
        "owner": "nixos",
        "repo": "nixpkgs",
        "type": "github"
      }
    },
    "root": {
      "inputs": {
        "nixpkgs": "nixpkgs"
      }
    }
  },
  "root": "root",
  "version": 7
}
