{
  "nodes": {
    "nixpkgs": {
      "locked": {
        "lastModified": 1712402375,
        "narHash": "sha256-qfzi4WRq1lzi27AD9jSCMpqcPt4aQeMETu43HtvAHwI=",
        "owner": "nixos",
        "repo": "nixpkgs",
        "rev": "7a4d4a55fc7f83054f7bf153cdc3297d36937abb",
        "type": "github"
      },
      "original": {
        "owner": "nixos",
        "repo": "nixpkgs",
        "type": "github"
      }
    },
    "root": {
      "inputs": {
        "nixpkgs": "nixpkgs"
      }
    }
  },
  "root": "root",
  "version": 7
}
