{
  "nodes": {
    "nixpkgs": {
      "locked": {
        "lastModified": 1751373175,
        "narHash": "sha256-GcNIqyb5mGnm2qC6IhUIwPzuVwo+HdsDLWokkHQRAcA=",
        "owner": "nixos",
        "repo": "nixpkgs",
        "rev": "e76eb1eed029b30e617d7faf336125e0821f64fa",
        "type": "github"
      },
      "original": {
        "owner": "nixos",
        "repo": "nixpkgs",
        "type": "github"
      }
    },
    "root": {
      "inputs": {
        "nixpkgs": "nixpkgs"
      }
    }
  },
  "root": "root",
  "version": 7
}
